%{"earmark": {:git, "https://github.com/pragdave/earmark.git", "6269ff1ef29647e6723deb8a51a70d25a80eded6", [branch: "for_plugins"]},
  "ex_doc": {:hex, :ex_doc, "0.14.4", "a0a79a6896075814f4bc6802b74ccbed6549f47cc5ab34c71eaee2303170b8ef", [:mix], [{:earmark, "~> 1.0", [hex: :earmark, optional: false]}]}}
